// !$*UTF8*$!
{
	archiveVersion = 1;
	classes = {
	};
	objectVersion = 50;
	objects = {

/* Begin PBXBuildFile section */
		4D008E75269CC16200BBED57 /* UIImageHelper.swift in Sources */ = {isa = PBXBuildFile; fileRef = 4D008E74269CC16200BBED57 /* UIImageHelper.swift */; };
		4D008E7E269DEAE900BBED57 /* CatalogueElementDetailViewController.swift in Sources */ = {isa = PBXBuildFile; fileRef = 4D008E7C269DEAE900BBED57 /* CatalogueElementDetailViewController.swift */; };
		4D008E7F269DEAE900BBED57 /* CatalogueElementDetailViewController.xib in Resources */ = {isa = PBXBuildFile; fileRef = 4D008E7D269DEAE900BBED57 /* CatalogueElementDetailViewController.xib */; };
		4D008E83269DF78100BBED57 /* CatalogueElementDetailPresenter.swift in Sources */ = {isa = PBXBuildFile; fileRef = 4D008E82269DF78100BBED57 /* CatalogueElementDetailPresenter.swift */; };
		4D008E9F26A21E7500BBED57 /* ServiceManager.swift in Sources */ = {isa = PBXBuildFile; fileRef = 4D008E9E26A21E7500BBED57 /* ServiceManager.swift */; };
		4D0C14ED268E3E3000702AA4 /* CatalogueElementsViewController.xib in Resources */ = {isa = PBXBuildFile; fileRef = 4D0C14EC268E3E3000702AA4 /* CatalogueElementsViewController.xib */; };
		4D1FEC492694CBB200DA015C /* CatalogueResource.swift in Sources */ = {isa = PBXBuildFile; fileRef = 4D1FEC482694CBB200DA015C /* CatalogueResource.swift */; };
		4DAA2D9B2695FF2100CA9A52 /* CatalogueElementsViewCell.swift in Sources */ = {isa = PBXBuildFile; fileRef = 4DAA2D992695FF2100CA9A52 /* CatalogueElementsViewCell.swift */; };
		4DAA2D9C2695FF2100CA9A52 /* CatalogueElementsViewCell.xib in Resources */ = {isa = PBXBuildFile; fileRef = 4DAA2D9A2695FF2100CA9A52 /* CatalogueElementsViewCell.xib */; };
		4DAA2DA32697469600CA9A52 /* CatalogueElementsCellPresenter.swift in Sources */ = {isa = PBXBuildFile; fileRef = 4DAA2DA22697469600CA9A52 /* CatalogueElementsCellPresenter.swift */; };
		4DD2BBE326A9BDDE0096A2F5 /* MockServiceManager.swift in Sources */ = {isa = PBXBuildFile; fileRef = 4DD2BBE226A9BDDE0096A2F5 /* MockServiceManager.swift */; };
		4DD2BBE426A9BDDE0096A2F5 /* MockServiceManager.swift in Sources */ = {isa = PBXBuildFile; fileRef = 4DD2BBE226A9BDDE0096A2F5 /* MockServiceManager.swift */; };
		4DD2BBF926A9D4B80096A2F5 /* CatalogueElementsPresenter.swift in Sources */ = {isa = PBXBuildFile; fileRef = 4DF1C35F268CD074002FB8D8 /* CatalogueElementsPresenter.swift */; };
		4DD2BBFC26A9D4CD0096A2F5 /* CatalogueItemModel.swift in Sources */ = {isa = PBXBuildFile; fileRef = 4DF1C355268CC7CE002FB8D8 /* CatalogueItemModel.swift */; };
		4DD2BC0226A9D4F90096A2F5 /* CatalogueElementDetailPresenter.swift in Sources */ = {isa = PBXBuildFile; fileRef = 4D008E82269DF78100BBED57 /* CatalogueElementDetailPresenter.swift */; };
		4DD2BC0526A9D4FC0096A2F5 /* CatalogueElementDetailViewController.swift in Sources */ = {isa = PBXBuildFile; fileRef = 4D008E7C269DEAE900BBED57 /* CatalogueElementDetailViewController.swift */; };
		4DD2BC0826A9D5030096A2F5 /* CatalogueElementsViewController.swift in Sources */ = {isa = PBXBuildFile; fileRef = 4DF1C35B268CCFC0002FB8D8 /* CatalogueElementsViewController.swift */; };
		4DD2BC0B26A9D5070096A2F5 /* CatalogueElementsCellPresenter.swift in Sources */ = {isa = PBXBuildFile; fileRef = 4DAA2DA22697469600CA9A52 /* CatalogueElementsCellPresenter.swift */; };
		4DD2BC0E26A9D50A0096A2F5 /* CatalogueElementsViewCell.swift in Sources */ = {isa = PBXBuildFile; fileRef = 4DAA2D992695FF2100CA9A52 /* CatalogueElementsViewCell.swift */; };
		4DD2BC1126A9D5130096A2F5 /* CatalogueElementsViewCell.xib in Resources */ = {isa = PBXBuildFile; fileRef = 4DAA2D9A2695FF2100CA9A52 /* CatalogueElementsViewCell.xib */; };
		4DD2BC1426A9D5180096A2F5 /* ServiceManager.swift in Sources */ = {isa = PBXBuildFile; fileRef = 4D008E9E26A21E7500BBED57 /* ServiceManager.swift */; };
		4DD2BC1726A9D51A0096A2F5 /* APIRequest.swift in Sources */ = {isa = PBXBuildFile; fileRef = 4DF1C358268CC93B002FB8D8 /* APIRequest.swift */; };
		4DD2BC1A26A9D51D0096A2F5 /* CatalogueResource.swift in Sources */ = {isa = PBXBuildFile; fileRef = 4D1FEC482694CBB200DA015C /* CatalogueResource.swift */; };
		4DD2BC2A26A9D7640096A2F5 /* UIImageHelper.swift in Sources */ = {isa = PBXBuildFile; fileRef = 4D008E74269CC16200BBED57 /* UIImageHelper.swift */; };
		4DD2BC3326A9D96C0096A2F5 /* CatalogueElementsPresenterTests.swift in Sources */ = {isa = PBXBuildFile; fileRef = 4DD2BC3126A9D96C0096A2F5 /* CatalogueElementsPresenterTests.swift */; };
		4DD2BC3F26AB323B0096A2F5 /* MockCatalogueElementsView.swift in Sources */ = {isa = PBXBuildFile; fileRef = 4DD2BC3E26AB323B0096A2F5 /* MockCatalogueElementsView.swift */; };
		4DD2BC4326AB3A5F0096A2F5 /* MockCatalogueItemModels.swift in Sources */ = {isa = PBXBuildFile; fileRef = 4DD2BC4226AB3A5F0096A2F5 /* MockCatalogueItemModels.swift */; };
		4DF1C33D268CC461002FB8D8 /* AppDelegate.swift in Sources */ = {isa = PBXBuildFile; fileRef = 4DF1C33C268CC461002FB8D8 /* AppDelegate.swift */; };
		4DF1C33F268CC461002FB8D8 /* SceneDelegate.swift in Sources */ = {isa = PBXBuildFile; fileRef = 4DF1C33E268CC461002FB8D8 /* SceneDelegate.swift */; };
		4DF1C346268CC463002FB8D8 /* Assets.xcassets in Resources */ = {isa = PBXBuildFile; fileRef = 4DF1C345268CC463002FB8D8 /* Assets.xcassets */; };
		4DF1C349268CC463002FB8D8 /* LaunchScreen.storyboard in Resources */ = {isa = PBXBuildFile; fileRef = 4DF1C347268CC463002FB8D8 /* LaunchScreen.storyboard */; };
		4DF1C356268CC7CE002FB8D8 /* CatalogueItemModel.swift in Sources */ = {isa = PBXBuildFile; fileRef = 4DF1C355268CC7CE002FB8D8 /* CatalogueItemModel.swift */; };
		4DF1C359268CC93B002FB8D8 /* APIRequest.swift in Sources */ = {isa = PBXBuildFile; fileRef = 4DF1C358268CC93B002FB8D8 /* APIRequest.swift */; };
		4DF1C35C268CCFC0002FB8D8 /* CatalogueElementsViewController.swift in Sources */ = {isa = PBXBuildFile; fileRef = 4DF1C35B268CCFC0002FB8D8 /* CatalogueElementsViewController.swift */; };
		4DF1C360268CD074002FB8D8 /* CatalogueElementsPresenter.swift in Sources */ = {isa = PBXBuildFile; fileRef = 4DF1C35F268CD074002FB8D8 /* CatalogueElementsPresenter.swift */; };
/* End PBXBuildFile section */

/* Begin PBXContainerItemProxy section */
		4D008E9526A1DCD200BBED57 /* PBXContainerItemProxy */ = {
			isa = PBXContainerItemProxy;
			containerPortal = 4DF1C331268CC461002FB8D8 /* Project object */;
			proxyType = 1;
			remoteGlobalIDString = 4DF1C338268CC461002FB8D8;
			remoteInfo = MVPCatalogueApp;
		};
/* End PBXContainerItemProxy section */

/* Begin PBXFileReference section */
		4D008E74269CC16200BBED57 /* UIImageHelper.swift */ = {isa = PBXFileReference; lastKnownFileType = sourcecode.swift; path = UIImageHelper.swift; sourceTree = "<group>"; };
		4D008E7C269DEAE900BBED57 /* CatalogueElementDetailViewController.swift */ = {isa = PBXFileReference; lastKnownFileType = sourcecode.swift; path = CatalogueElementDetailViewController.swift; sourceTree = "<group>"; };
		4D008E7D269DEAE900BBED57 /* CatalogueElementDetailViewController.xib */ = {isa = PBXFileReference; lastKnownFileType = file.xib; path = CatalogueElementDetailViewController.xib; sourceTree = "<group>"; };
		4D008E82269DF78100BBED57 /* CatalogueElementDetailPresenter.swift */ = {isa = PBXFileReference; lastKnownFileType = sourcecode.swift; path = CatalogueElementDetailPresenter.swift; sourceTree = "<group>"; };
		4D008E9026A1DCD200BBED57 /* MVPCatalogueAppTests.xctest */ = {isa = PBXFileReference; explicitFileType = wrapper.cfbundle; includeInIndex = 0; path = MVPCatalogueAppTests.xctest; sourceTree = BUILT_PRODUCTS_DIR; };
		4D008E9426A1DCD200BBED57 /* Info.plist */ = {isa = PBXFileReference; lastKnownFileType = text.plist.xml; path = Info.plist; sourceTree = "<group>"; };
		4D008E9E26A21E7500BBED57 /* ServiceManager.swift */ = {isa = PBXFileReference; lastKnownFileType = sourcecode.swift; path = ServiceManager.swift; sourceTree = "<group>"; };
		4D0C14EC268E3E3000702AA4 /* CatalogueElementsViewController.xib */ = {isa = PBXFileReference; lastKnownFileType = file.xib; path = CatalogueElementsViewController.xib; sourceTree = "<group>"; };
		4D1FEC482694CBB200DA015C /* CatalogueResource.swift */ = {isa = PBXFileReference; lastKnownFileType = sourcecode.swift; path = CatalogueResource.swift; sourceTree = "<group>"; };
		4DAA2D992695FF2100CA9A52 /* CatalogueElementsViewCell.swift */ = {isa = PBXFileReference; lastKnownFileType = sourcecode.swift; path = CatalogueElementsViewCell.swift; sourceTree = "<group>"; };
		4DAA2D9A2695FF2100CA9A52 /* CatalogueElementsViewCell.xib */ = {isa = PBXFileReference; lastKnownFileType = file.xib; path = CatalogueElementsViewCell.xib; sourceTree = "<group>"; };
		4DAA2DA22697469600CA9A52 /* CatalogueElementsCellPresenter.swift */ = {isa = PBXFileReference; lastKnownFileType = sourcecode.swift; path = CatalogueElementsCellPresenter.swift; sourceTree = "<group>"; };
		4DD2BBE226A9BDDE0096A2F5 /* MockServiceManager.swift */ = {isa = PBXFileReference; lastKnownFileType = sourcecode.swift; path = MockServiceManager.swift; sourceTree = "<group>"; };
		4DD2BC3126A9D96C0096A2F5 /* CatalogueElementsPresenterTests.swift */ = {isa = PBXFileReference; lastKnownFileType = sourcecode.swift; path = CatalogueElementsPresenterTests.swift; sourceTree = "<group>"; };
		4DD2BC3E26AB323B0096A2F5 /* MockCatalogueElementsView.swift */ = {isa = PBXFileReference; lastKnownFileType = sourcecode.swift; path = MockCatalogueElementsView.swift; sourceTree = "<group>"; };
		4DD2BC4226AB3A5F0096A2F5 /* MockCatalogueItemModels.swift */ = {isa = PBXFileReference; lastKnownFileType = sourcecode.swift; path = MockCatalogueItemModels.swift; sourceTree = "<group>"; };
		4DF1C339268CC461002FB8D8 /* MVPCatalogueApp.app */ = {isa = PBXFileReference; explicitFileType = wrapper.application; includeInIndex = 0; path = MVPCatalogueApp.app; sourceTree = BUILT_PRODUCTS_DIR; };
		4DF1C33C268CC461002FB8D8 /* AppDelegate.swift */ = {isa = PBXFileReference; lastKnownFileType = sourcecode.swift; path = AppDelegate.swift; sourceTree = "<group>"; };
		4DF1C33E268CC461002FB8D8 /* SceneDelegate.swift */ = {isa = PBXFileReference; lastKnownFileType = sourcecode.swift; path = SceneDelegate.swift; sourceTree = "<group>"; };
		4DF1C345268CC463002FB8D8 /* Assets.xcassets */ = {isa = PBXFileReference; lastKnownFileType = folder.assetcatalog; path = Assets.xcassets; sourceTree = "<group>"; };
		4DF1C348268CC463002FB8D8 /* Base */ = {isa = PBXFileReference; lastKnownFileType = file.storyboard; name = Base; path = Base.lproj/LaunchScreen.storyboard; sourceTree = "<group>"; };
		4DF1C34A268CC463002FB8D8 /* Info.plist */ = {isa = PBXFileReference; lastKnownFileType = text.plist.xml; path = Info.plist; sourceTree = "<group>"; };
		4DF1C355268CC7CE002FB8D8 /* CatalogueItemModel.swift */ = {isa = PBXFileReference; lastKnownFileType = sourcecode.swift; path = CatalogueItemModel.swift; sourceTree = "<group>"; };
		4DF1C358268CC93B002FB8D8 /* APIRequest.swift */ = {isa = PBXFileReference; lastKnownFileType = sourcecode.swift; path = APIRequest.swift; sourceTree = "<group>"; };
		4DF1C35B268CCFC0002FB8D8 /* CatalogueElementsViewController.swift */ = {isa = PBXFileReference; lastKnownFileType = sourcecode.swift; path = CatalogueElementsViewController.swift; sourceTree = "<group>"; };
		4DF1C35F268CD074002FB8D8 /* CatalogueElementsPresenter.swift */ = {isa = PBXFileReference; lastKnownFileType = sourcecode.swift; path = CatalogueElementsPresenter.swift; sourceTree = "<group>"; };
/* End PBXFileReference section */

/* Begin PBXFrameworksBuildPhase section */
		4D008E8D26A1DCD200BBED57 /* Frameworks */ = {
			isa = PBXFrameworksBuildPhase;
			buildActionMask = 2147483647;
			files = (
			);
			runOnlyForDeploymentPostprocessing = 0;
		};
		4DF1C336268CC461002FB8D8 /* Frameworks */ = {
			isa = PBXFrameworksBuildPhase;
			buildActionMask = 2147483647;
			files = (
			);
			runOnlyForDeploymentPostprocessing = 0;
		};
/* End PBXFrameworksBuildPhase section */

/* Begin PBXGroup section */
		4D008E6E269CB28100BBED57 /* CatalogueElementCell */ = {
			isa = PBXGroup;
			children = (
				4DAA2DA22697469600CA9A52 /* CatalogueElementsCellPresenter.swift */,
				4DAA2D992695FF2100CA9A52 /* CatalogueElementsViewCell.swift */,
				4DAA2D9A2695FF2100CA9A52 /* CatalogueElementsViewCell.xib */,
			);
			path = CatalogueElementCell;
			sourceTree = "<group>";
		};
		4D008E6F269CB2A600BBED57 /* CatalogueElementsList */ = {
			isa = PBXGroup;
			children = (
				4DF1C35F268CD074002FB8D8 /* CatalogueElementsPresenter.swift */,
				4DF1C35B268CCFC0002FB8D8 /* CatalogueElementsViewController.swift */,
				4D0C14EC268E3E3000702AA4 /* CatalogueElementsViewController.xib */,
			);
			path = CatalogueElementsList;
			sourceTree = "<group>";
		};
		4D008E73269CC13500BBED57 /* Helpers */ = {
			isa = PBXGroup;
			children = (
				4D008E74269CC16200BBED57 /* UIImageHelper.swift */,
			);
			path = Helpers;
			sourceTree = "<group>";
		};
		4D008E7B269DEA6900BBED57 /* CatalogueElementDetail */ = {
			isa = PBXGroup;
			children = (
				4D008E82269DF78100BBED57 /* CatalogueElementDetailPresenter.swift */,
				4D008E7C269DEAE900BBED57 /* CatalogueElementDetailViewController.swift */,
				4D008E7D269DEAE900BBED57 /* CatalogueElementDetailViewController.xib */,
			);
			path = CatalogueElementDetail;
			sourceTree = "<group>";
		};
		4D008E9126A1DCD200BBED57 /* MVPCatalogueAppTests */ = {
			isa = PBXGroup;
			children = (
				4DD2BBE126A9BDA60096A2F5 /* PresentersTests */,
				4DD2BBE026A9BD8E0096A2F5 /* Mocks */,
				4D008E9426A1DCD200BBED57 /* Info.plist */,
			);
			path = MVPCatalogueAppTests;
			sourceTree = "<group>";
		};
		4DAA2D9E2695FF8B00CA9A52 /* ViewControllers */ = {
			isa = PBXGroup;
			children = (
				4D008E7B269DEA6900BBED57 /* CatalogueElementDetail */,
				4D008E6F269CB2A600BBED57 /* CatalogueElementsList */,
			);
			path = ViewControllers;
			sourceTree = "<group>";
		};
		4DAA2D9F2695FF9C00CA9A52 /* CellViews */ = {
			isa = PBXGroup;
			children = (
				4D008E6E269CB28100BBED57 /* CatalogueElementCell */,
			);
			path = CellViews;
			sourceTree = "<group>";
		};
		4DD2BBE026A9BD8E0096A2F5 /* Mocks */ = {
			isa = PBXGroup;
			children = (
				4DD2BBE226A9BDDE0096A2F5 /* MockServiceManager.swift */,
				4DD2BC3E26AB323B0096A2F5 /* MockCatalogueElementsView.swift */,
				4DD2BC4226AB3A5F0096A2F5 /* MockCatalogueItemModels.swift */,
			);
			path = Mocks;
			sourceTree = "<group>";
		};
		4DD2BBE126A9BDA60096A2F5 /* PresentersTests */ = {
			isa = PBXGroup;
			children = (
				4DD2BC3126A9D96C0096A2F5 /* CatalogueElementsPresenterTests.swift */,
			);
			path = PresentersTests;
			sourceTree = "<group>";
		};
		4DF1C330268CC461002FB8D8 = {
			isa = PBXGroup;
			children = (
				4DF1C33B268CC461002FB8D8 /* MVPCatalogueApp */,
				4D008E9126A1DCD200BBED57 /* MVPCatalogueAppTests */,
				4DF1C33A268CC461002FB8D8 /* Products */,
			);
			sourceTree = "<group>";
		};
		4DF1C33A268CC461002FB8D8 /* Products */ = {
			isa = PBXGroup;
			children = (
				4DF1C339268CC461002FB8D8 /* MVPCatalogueApp.app */,
				4D008E9026A1DCD200BBED57 /* MVPCatalogueAppTests.xctest */,
			);
			name = Products;
			sourceTree = "<group>";
		};
		4DF1C33B268CC461002FB8D8 /* MVPCatalogueApp */ = {
			isa = PBXGroup;
			children = (
				4DF1C363268E0E06002FB8D8 /* Storyboard */,
				4DF1C353268CC66B002FB8D8 /* ViewPresenters */,
				4DF1C351268CC60B002FB8D8 /* Models */,
				4DF1C352268CC65B002FB8D8 /* DataSources */,
				4D008E73269CC13500BBED57 /* Helpers */,
				4DF1C33C268CC461002FB8D8 /* AppDelegate.swift */,
				4DF1C33E268CC461002FB8D8 /* SceneDelegate.swift */,
				4DF1C345268CC463002FB8D8 /* Assets.xcassets */,
				4DF1C34A268CC463002FB8D8 /* Info.plist */,
			);
			path = MVPCatalogueApp;
			sourceTree = "<group>";
		};
		4DF1C351268CC60B002FB8D8 /* Models */ = {
			isa = PBXGroup;
			children = (
				4DF1C355268CC7CE002FB8D8 /* CatalogueItemModel.swift */,
			);
			path = Models;
			sourceTree = "<group>";
		};
		4DF1C352268CC65B002FB8D8 /* DataSources */ = {
			isa = PBXGroup;
			children = (
				4D008E9E26A21E7500BBED57 /* ServiceManager.swift */,
				4DF1C358268CC93B002FB8D8 /* APIRequest.swift */,
				4D1FEC482694CBB200DA015C /* CatalogueResource.swift */,
			);
			path = DataSources;
			sourceTree = "<group>";
		};
		4DF1C353268CC66B002FB8D8 /* ViewPresenters */ = {
			isa = PBXGroup;
			children = (
				4DAA2D9E2695FF8B00CA9A52 /* ViewControllers */,
				4DAA2D9F2695FF9C00CA9A52 /* CellViews */,
			);
			path = ViewPresenters;
			sourceTree = "<group>";
		};
		4DF1C363268E0E06002FB8D8 /* Storyboard */ = {
			isa = PBXGroup;
			children = (
				4DF1C347268CC463002FB8D8 /* LaunchScreen.storyboard */,
			);
			path = Storyboard;
			sourceTree = "<group>";
		};
/* End PBXGroup section */

/* Begin PBXNativeTarget section */
		4D008E8F26A1DCD200BBED57 /* MVPCatalogueAppTests */ = {
			isa = PBXNativeTarget;
			buildConfigurationList = 4D008E9726A1DCD200BBED57 /* Build configuration list for PBXNativeTarget "MVPCatalogueAppTests" */;
			buildPhases = (
				4D008E8C26A1DCD200BBED57 /* Sources */,
				4D008E8D26A1DCD200BBED57 /* Frameworks */,
				4D008E8E26A1DCD200BBED57 /* Resources */,
			);
			buildRules = (
			);
			dependencies = (
				4D008E9626A1DCD200BBED57 /* PBXTargetDependency */,
			);
			name = MVPCatalogueAppTests;
			productName = MVPCatalogueAppTests;
			productReference = 4D008E9026A1DCD200BBED57 /* MVPCatalogueAppTests.xctest */;
			productType = "com.apple.product-type.bundle.unit-test";
		};
		4DF1C338268CC461002FB8D8 /* MVPCatalogueApp */ = {
			isa = PBXNativeTarget;
			buildConfigurationList = 4DF1C34D268CC463002FB8D8 /* Build configuration list for PBXNativeTarget "MVPCatalogueApp" */;
			buildPhases = (
				4DF1C335268CC461002FB8D8 /* Sources */,
				4DF1C336268CC461002FB8D8 /* Frameworks */,
				4DF1C337268CC461002FB8D8 /* Resources */,
			);
			buildRules = (
			);
			dependencies = (
			);
			name = MVPCatalogueApp;
			productName = MVPCatalogueApp;
			productReference = 4DF1C339268CC461002FB8D8 /* MVPCatalogueApp.app */;
			productType = "com.apple.product-type.application";
		};
/* End PBXNativeTarget section */

/* Begin PBXProject section */
		4DF1C331268CC461002FB8D8 /* Project object */ = {
			isa = PBXProject;
			attributes = {
				LastSwiftUpdateCheck = 1240;
				LastUpgradeCheck = 1240;
				TargetAttributes = {
					4D008E8F26A1DCD200BBED57 = {
						CreatedOnToolsVersion = 12.4;
						TestTargetID = 4DF1C338268CC461002FB8D8;
					};
					4DF1C338268CC461002FB8D8 = {
						CreatedOnToolsVersion = 12.4;
					};
				};
			};
			buildConfigurationList = 4DF1C334268CC461002FB8D8 /* Build configuration list for PBXProject "MVPCatalogueApp" */;
			compatibilityVersion = "Xcode 9.3";
			developmentRegion = en;
			hasScannedForEncodings = 0;
			knownRegions = (
				en,
				Base,
			);
			mainGroup = 4DF1C330268CC461002FB8D8;
			productRefGroup = 4DF1C33A268CC461002FB8D8 /* Products */;
			projectDirPath = "";
			projectRoot = "";
			targets = (
				4DF1C338268CC461002FB8D8 /* MVPCatalogueApp */,
				4D008E8F26A1DCD200BBED57 /* MVPCatalogueAppTests */,
			);
		};
/* End PBXProject section */

/* Begin PBXResourcesBuildPhase section */
		4D008E8E26A1DCD200BBED57 /* Resources */ = {
			isa = PBXResourcesBuildPhase;
			buildActionMask = 2147483647;
			files = (
				4DD2BC1126A9D5130096A2F5 /* CatalogueElementsViewCell.xib in Resources */,
			);
			runOnlyForDeploymentPostprocessing = 0;
		};
		4DF1C337268CC461002FB8D8 /* Resources */ = {
			isa = PBXResourcesBuildPhase;
			buildActionMask = 2147483647;
			files = (
				4DF1C349268CC463002FB8D8 /* LaunchScreen.storyboard in Resources */,
				4D0C14ED268E3E3000702AA4 /* CatalogueElementsViewController.xib in Resources */,
				4DF1C346268CC463002FB8D8 /* Assets.xcassets in Resources */,
				4D008E7F269DEAE900BBED57 /* CatalogueElementDetailViewController.xib in Resources */,
				4DAA2D9C2695FF2100CA9A52 /* CatalogueElementsViewCell.xib in Resources */,
			);
			runOnlyForDeploymentPostprocessing = 0;
		};
/* End PBXResourcesBuildPhase section */

/* Begin PBXSourcesBuildPhase section */
		4D008E8C26A1DCD200BBED57 /* Sources */ = {
			isa = PBXSourcesBuildPhase;
			buildActionMask = 2147483647;
			files = (
				4DD2BBFC26A9D4CD0096A2F5 /* CatalogueItemModel.swift in Sources */,
				4DD2BC0B26A9D5070096A2F5 /* CatalogueElementsCellPresenter.swift in Sources */,
				4DD2BC0526A9D4FC0096A2F5 /* CatalogueElementDetailViewController.swift in Sources */,
				4DD2BBF926A9D4B80096A2F5 /* CatalogueElementsPresenter.swift in Sources */,
				4DD2BC0826A9D5030096A2F5 /* CatalogueElementsViewController.swift in Sources */,
				4DD2BC0226A9D4F90096A2F5 /* CatalogueElementDetailPresenter.swift in Sources */,
				4DD2BC2A26A9D7640096A2F5 /* UIImageHelper.swift in Sources */,
				4DD2BC1A26A9D51D0096A2F5 /* CatalogueResource.swift in Sources */,
				4DD2BC3326A9D96C0096A2F5 /* CatalogueElementsPresenterTests.swift in Sources */,
				4DD2BC1726A9D51A0096A2F5 /* APIRequest.swift in Sources */,
				4DD2BBE426A9BDDE0096A2F5 /* MockServiceManager.swift in Sources */,
				4DD2BC3F26AB323B0096A2F5 /* MockCatalogueElementsView.swift in Sources */,
				4DD2BC4326AB3A5F0096A2F5 /* MockCatalogueItemModels.swift in Sources */,
				4DD2BC0E26A9D50A0096A2F5 /* CatalogueElementsViewCell.swift in Sources */,
				4DD2BC1426A9D5180096A2F5 /* ServiceManager.swift in Sources */,
			);
			runOnlyForDeploymentPostprocessing = 0;
		};
		4DF1C335268CC461002FB8D8 /* Sources */ = {
			isa = PBXSourcesBuildPhase;
			buildActionMask = 2147483647;
			files = (
				4DF1C356268CC7CE002FB8D8 /* CatalogueItemModel.swift in Sources */,
				4DF1C360268CD074002FB8D8 /* CatalogueElementsPresenter.swift in Sources */,
				4D008E83269DF78100BBED57 /* CatalogueElementDetailPresenter.swift in Sources */,
				4DF1C35C268CCFC0002FB8D8 /* CatalogueElementsViewController.swift in Sources */,
				4D008E9F26A21E7500BBED57 /* ServiceManager.swift in Sources */,
				4DD2BBE326A9BDDE0096A2F5 /* MockServiceManager.swift in Sources */,
				4DF1C33D268CC461002FB8D8 /* AppDelegate.swift in Sources */,
				4DF1C33F268CC461002FB8D8 /* SceneDelegate.swift in Sources */,
				4DF1C359268CC93B002FB8D8 /* APIRequest.swift in Sources */,
				4D1FEC492694CBB200DA015C /* CatalogueResource.swift in Sources */,
				4D008E7E269DEAE900BBED57 /* CatalogueElementDetailViewController.swift in Sources */,
				4DAA2D9B2695FF2100CA9A52 /* CatalogueElementsViewCell.swift in Sources */,
				4D008E75269CC16200BBED57 /* UIImageHelper.swift in Sources */,
				4DAA2DA32697469600CA9A52 /* CatalogueElementsCellPresenter.swift in Sources */,
			);
			runOnlyForDeploymentPostprocessing = 0;
		};
/* End PBXSourcesBuildPhase section */

/* Begin PBXTargetDependency section */
		4D008E9626A1DCD200BBED57 /* PBXTargetDependency */ = {
			isa = PBXTargetDependency;
			target = 4DF1C338268CC461002FB8D8 /* MVPCatalogueApp */;
			targetProxy = 4D008E9526A1DCD200BBED57 /* PBXContainerItemProxy */;
		};
/* End PBXTargetDependency section */

/* Begin PBXVariantGroup section */
		4DF1C347268CC463002FB8D8 /* LaunchScreen.storyboard */ = {
			isa = PBXVariantGroup;
			children = (
				4DF1C348268CC463002FB8D8 /* Base */,
			);
			name = LaunchScreen.storyboard;
			sourceTree = "<group>";
		};
/* End PBXVariantGroup section */

/* Begin XCBuildConfiguration section */
		4D008E9826A1DCD200BBED57 /* Debug */ = {
			isa = XCBuildConfiguration;
			buildSettings = {
				BUNDLE_LOADER = "$(TEST_HOST)";
				CODE_SIGN_STYLE = Automatic;
				DEVELOPMENT_TEAM = 4LRDV72ARX;
				INFOPLIST_FILE = MVPCatalogueAppTests/Info.plist;
				LD_RUNPATH_SEARCH_PATHS = (
					"$(inherited)",
					"@executable_path/Frameworks",
					"@loader_path/Frameworks",
				);
				PRODUCT_BUNDLE_IDENTIFIER = com.santiago.MVPCatalogueAppTests;
				PRODUCT_NAME = "$(TARGET_NAME)";
				SWIFT_VERSION = 5.0;
				TARGETED_DEVICE_FAMILY = "1,2";
				TEST_HOST = "$(BUILT_PRODUCTS_DIR)/MVPCatalogueApp.app/MVPCatalogueApp";
			};
			name = Debug;
		};
		4D008E9926A1DCD200BBED57 /* Release */ = {
			isa = XCBuildConfiguration;
			buildSettings = {
				BUNDLE_LOADER = "$(TEST_HOST)";
				CODE_SIGN_STYLE = Automatic;
				DEVELOPMENT_TEAM = 4LRDV72ARX;
				INFOPLIST_FILE = MVPCatalogueAppTests/Info.plist;
				LD_RUNPATH_SEARCH_PATHS = (
					"$(inherited)",
					"@executable_path/Frameworks",
					"@loader_path/Frameworks",
				);
				PRODUCT_BUNDLE_IDENTIFIER = com.santiago.MVPCatalogueAppTests;
				PRODUCT_NAME = "$(TARGET_NAME)";
				SWIFT_VERSION = 5.0;
				TARGETED_DEVICE_FAMILY = "1,2";
				TEST_HOST = "$(BUILT_PRODUCTS_DIR)/MVPCatalogueApp.app/MVPCatalogueApp";
			};
			name = Release;
		};
		4DF1C34B268CC463002FB8D8 /* Debug */ = {
			isa = XCBuildConfiguration;
			buildSettings = {
				ALWAYS_SEARCH_USER_PATHS = NO;
				CLANG_ANALYZER_NONNULL = YES;
				CLANG_ANALYZER_NUMBER_OBJECT_CONVERSION = YES_AGGRESSIVE;
				CLANG_CXX_LANGUAGE_STANDARD = "gnu++14";
				CLANG_CXX_LIBRARY = "libc++";
				CLANG_ENABLE_MODULES = YES;
				CLANG_ENABLE_OBJC_ARC = YES;
				CLANG_ENABLE_OBJC_WEAK = YES;
				CLANG_WARN_BLOCK_CAPTURE_AUTORELEASING = YES;
				CLANG_WARN_BOOL_CONVERSION = YES;
				CLANG_WARN_COMMA = YES;
				CLANG_WARN_CONSTANT_CONVERSION = YES;
				CLANG_WARN_DEPRECATED_OBJC_IMPLEMENTATIONS = YES;
				CLANG_WARN_DIRECT_OBJC_ISA_USAGE = YES_ERROR;
				CLANG_WARN_DOCUMENTATION_COMMENTS = YES;
				CLANG_WARN_EMPTY_BODY = YES;
				CLANG_WARN_ENUM_CONVERSION = YES;
				CLANG_WARN_INFINITE_RECURSION = YES;
				CLANG_WARN_INT_CONVERSION = YES;
				CLANG_WARN_NON_LITERAL_NULL_CONVERSION = YES;
				CLANG_WARN_OBJC_IMPLICIT_RETAIN_SELF = YES;
				CLANG_WARN_OBJC_LITERAL_CONVERSION = YES;
				CLANG_WARN_OBJC_ROOT_CLASS = YES_ERROR;
				CLANG_WARN_QUOTED_INCLUDE_IN_FRAMEWORK_HEADER = YES;
				CLANG_WARN_RANGE_LOOP_ANALYSIS = YES;
				CLANG_WARN_STRICT_PROTOTYPES = YES;
				CLANG_WARN_SUSPICIOUS_MOVE = YES;
				CLANG_WARN_UNGUARDED_AVAILABILITY = YES_AGGRESSIVE;
				CLANG_WARN_UNREACHABLE_CODE = YES;
				CLANG_WARN__DUPLICATE_METHOD_MATCH = YES;
				COPY_PHASE_STRIP = NO;
				DEBUG_INFORMATION_FORMAT = dwarf;
				ENABLE_STRICT_OBJC_MSGSEND = YES;
				ENABLE_TESTABILITY = YES;
				GCC_C_LANGUAGE_STANDARD = gnu11;
				GCC_DYNAMIC_NO_PIC = NO;
				GCC_NO_COMMON_BLOCKS = YES;
				GCC_OPTIMIZATION_LEVEL = 0;
				GCC_PREPROCESSOR_DEFINITIONS = (
					"DEBUG=1",
					"$(inherited)",
				);
				GCC_WARN_64_TO_32_BIT_CONVERSION = YES;
				GCC_WARN_ABOUT_RETURN_TYPE = YES_ERROR;
				GCC_WARN_UNDECLARED_SELECTOR = YES;
				GCC_WARN_UNINITIALIZED_AUTOS = YES_AGGRESSIVE;
				GCC_WARN_UNUSED_FUNCTION = YES;
				GCC_WARN_UNUSED_VARIABLE = YES;
				IPHONEOS_DEPLOYMENT_TARGET = 14.4;
				MTL_ENABLE_DEBUG_INFO = INCLUDE_SOURCE;
				MTL_FAST_MATH = YES;
				ONLY_ACTIVE_ARCH = YES;
				SDKROOT = iphoneos;
				SWIFT_ACTIVE_COMPILATION_CONDITIONS = DEBUG;
				SWIFT_OPTIMIZATION_LEVEL = "-Onone";
			};
			name = Debug;
		};
		4DF1C34C268CC463002FB8D8 /* Release */ = {
			isa = XCBuildConfiguration;
			buildSettings = {
				ALWAYS_SEARCH_USER_PATHS = NO;
				CLANG_ANALYZER_NONNULL = YES;
				CLANG_ANALYZER_NUMBER_OBJECT_CONVERSION = YES_AGGRESSIVE;
				CLANG_CXX_LANGUAGE_STANDARD = "gnu++14";
				CLANG_CXX_LIBRARY = "libc++";
				CLANG_ENABLE_MODULES = YES;
				CLANG_ENABLE_OBJC_ARC = YES;
				CLANG_ENABLE_OBJC_WEAK = YES;
				CLANG_WARN_BLOCK_CAPTURE_AUTORELEASING = YES;
				CLANG_WARN_BOOL_CONVERSION = YES;
				CLANG_WARN_COMMA = YES;
				CLANG_WARN_CONSTANT_CONVERSION = YES;
				CLANG_WARN_DEPRECATED_OBJC_IMPLEMENTATIONS = YES;
				CLANG_WARN_DIRECT_OBJC_ISA_USAGE = YES_ERROR;
				CLANG_WARN_DOCUMENTATION_COMMENTS = YES;
				CLANG_WARN_EMPTY_BODY = YES;
				CLANG_WARN_ENUM_CONVERSION = YES;
				CLANG_WARN_INFINITE_RECURSION = YES;
				CLANG_WARN_INT_CONVERSION = YES;
				CLANG_WARN_NON_LITERAL_NULL_CONVERSION = YES;
				CLANG_WARN_OBJC_IMPLICIT_RETAIN_SELF = YES;
				CLANG_WARN_OBJC_LITERAL_CONVERSION = YES;
				CLANG_WARN_OBJC_ROOT_CLASS = YES_ERROR;
				CLANG_WARN_QUOTED_INCLUDE_IN_FRAMEWORK_HEADER = YES;
				CLANG_WARN_RANGE_LOOP_ANALYSIS = YES;
				CLANG_WARN_STRICT_PROTOTYPES = YES;
				CLANG_WARN_SUSPICIOUS_MOVE = YES;
				CLANG_WARN_UNGUARDED_AVAILABILITY = YES_AGGRESSIVE;
				CLANG_WARN_UNREACHABLE_CODE = YES;
				CLANG_WARN__DUPLICATE_METHOD_MATCH = YES;
				COPY_PHASE_STRIP = NO;
				DEBUG_INFORMATION_FORMAT = "dwarf-with-dsym";
				ENABLE_NS_ASSERTIONS = NO;
				ENABLE_STRICT_OBJC_MSGSEND = YES;
				GCC_C_LANGUAGE_STANDARD = gnu11;
				GCC_NO_COMMON_BLOCKS = YES;
				GCC_WARN_64_TO_32_BIT_CONVERSION = YES;
				GCC_WARN_ABOUT_RETURN_TYPE = YES_ERROR;
				GCC_WARN_UNDECLARED_SELECTOR = YES;
				GCC_WARN_UNINITIALIZED_AUTOS = YES_AGGRESSIVE;
				GCC_WARN_UNUSED_FUNCTION = YES;
				GCC_WARN_UNUSED_VARIABLE = YES;
				IPHONEOS_DEPLOYMENT_TARGET = 14.4;
				MTL_ENABLE_DEBUG_INFO = NO;
				MTL_FAST_MATH = YES;
				SDKROOT = iphoneos;
				SWIFT_COMPILATION_MODE = wholemodule;
				SWIFT_OPTIMIZATION_LEVEL = "-O";
				VALIDATE_PRODUCT = YES;
			};
			name = Release;
		};
		4DF1C34E268CC463002FB8D8 /* Debug */ = {
			isa = XCBuildConfiguration;
			buildSettings = {
				ASSETCATALOG_COMPILER_APPICON_NAME = AppIcon;
				ASSETCATALOG_COMPILER_GLOBAL_ACCENT_COLOR_NAME = AccentColor;
				CODE_SIGN_STYLE = Automatic;
				DEVELOPMENT_TEAM = 4LRDV72ARX;
				INFOPLIST_FILE = MVPCatalogueApp/Info.plist;
				LD_RUNPATH_SEARCH_PATHS = (
					"$(inherited)",
					"@executable_path/Frameworks",
				);
				PRODUCT_BUNDLE_IDENTIFIER = com.santiago.MVPCatalogueApp;
				PRODUCT_NAME = "$(TARGET_NAME)";
				SWIFT_VERSION = 5.0;
				TARGETED_DEVICE_FAMILY = "1,2";
			};
			name = Debug;
		};
		4DF1C34F268CC463002FB8D8 /* Release */ = {
			isa = XCBuildConfiguration;
			buildSettings = {
				ASSETCATALOG_COMPILER_APPICON_NAME = AppIcon;
				ASSETCATALOG_COMPILER_GLOBAL_ACCENT_COLOR_NAME = AccentColor;
				CODE_SIGN_STYLE = Automatic;
				DEVELOPMENT_TEAM = 4LRDV72ARX;
				INFOPLIST_FILE = MVPCatalogueApp/Info.plist;
				LD_RUNPATH_SEARCH_PATHS = (
					"$(inherited)",
					"@executable_path/Frameworks",
				);
				PRODUCT_BUNDLE_IDENTIFIER = com.santiago.MVPCatalogueApp;
				PRODUCT_NAME = "$(TARGET_NAME)";
				SWIFT_VERSION = 5.0;
				TARGETED_DEVICE_FAMILY = "1,2";
			};
			name = Release;
		};
/* End XCBuildConfiguration section */

/* Begin XCConfigurationList section */
		4D008E9726A1DCD200BBED57 /* Build configuration list for PBXNativeTarget "MVPCatalogueAppTests" */ = {
			isa = XCConfigurationList;
			buildConfigurations = (
				4D008E9826A1DCD200BBED57 /* Debug */,
				4D008E9926A1DCD200BBED57 /* Release */,
			);
			defaultConfigurationIsVisible = 0;
			defaultConfigurationName = Release;
		};
		4DF1C334268CC461002FB8D8 /* Build configuration list for PBXProject "MVPCatalogueApp" */ = {
			isa = XCConfigurationList;
			buildConfigurations = (
				4DF1C34B268CC463002FB8D8 /* Debug */,
				4DF1C34C268CC463002FB8D8 /* Release */,
			);
			defaultConfigurationIsVisible = 0;
			defaultConfigurationName = Release;
		};
		4DF1C34D268CC463002FB8D8 /* Build configuration list for PBXNativeTarget "MVPCatalogueApp" */ = {
			isa = XCConfigurationList;
			buildConfigurations = (
				4DF1C34E268CC463002FB8D8 /* Debug */,
				4DF1C34F268CC463002FB8D8 /* Release */,
			);
			defaultConfigurationIsVisible = 0;
			defaultConfigurationName = Release;
		};
/* End XCConfigurationList section */
	};
	rootObject = 4DF1C331268CC461002FB8D8 /* Project object */;
}
